// !$*UTF8*$!
{
	archiveVersion = 1;
	classes = {
	};
	objectVersion = 56;
	objects = {

/* Begin PBXBuildFile section */
		CB97667A2ACD3E6A00C73B51 /* secondViewController.swift in Sources */ = {isa = PBXBuildFile; fileRef = CB9766792ACD3E6A00C73B51 /* secondViewController.swift */; };
		CBDF932A2ACD3D4D00D1E93A /* AppDelegate.swift in Sources */ = {isa = PBXBuildFile; fileRef = CBDF93292ACD3D4D00D1E93A /* AppDelegate.swift */; };
		CBDF932C2ACD3D4D00D1E93A /* SceneDelegate.swift in Sources */ = {isa = PBXBuildFile; fileRef = CBDF932B2ACD3D4D00D1E93A /* SceneDelegate.swift */; };
		CBDF932E2ACD3D4D00D1E93A /* ViewController.swift in Sources */ = {isa = PBXBuildFile; fileRef = CBDF932D2ACD3D4D00D1E93A /* ViewController.swift */; };
		CBDF93312ACD3D4D00D1E93A /* Main.storyboard in Resources */ = {isa = PBXBuildFile; fileRef = CBDF932F2ACD3D4D00D1E93A /* Main.storyboard */; };
		CBDF93332ACD3D4D00D1E93A /* Assets.xcassets in Resources */ = {isa = PBXBuildFile; fileRef = CBDF93322ACD3D4D00D1E93A /* Assets.xcassets */; };
		CBDF93362ACD3D4D00D1E93A /* LaunchScreen.storyboard in Resources */ = {isa = PBXBuildFile; fileRef = CBDF93342ACD3D4D00D1E93A /* LaunchScreen.storyboard */; };
		CBDF93412ACD3D4E00D1E93A /* Hackwich_5Tests.swift in Sources */ = {isa = PBXBuildFile; fileRef = CBDF93402ACD3D4E00D1E93A /* Hackwich_5Tests.swift */; };
		CBDF934B2ACD3D4E00D1E93A /* Hackwich_5UITests.swift in Sources */ = {isa = PBXBuildFile; fileRef = CBDF934A2ACD3D4E00D1E93A /* Hackwich_5UITests.swift */; };
		CBDF934D2ACD3D4E00D1E93A /* Hackwich_5UITestsLaunchTests.swift in Sources */ = {isa = PBXBuildFile; fileRef = CBDF934C2ACD3D4E00D1E93A /* Hackwich_5UITestsLaunchTests.swift */; };
/* End PBXBuildFile section */

/* Begin PBXContainerItemProxy section */
		CBDF933D2ACD3D4E00D1E93A /* PBXContainerItemProxy */ = {
			isa = PBXContainerItemProxy;
			containerPortal = CBDF931E2ACD3D4D00D1E93A /* Project object */;
			proxyType = 1;
			remoteGlobalIDString = CBDF93252ACD3D4D00D1E93A;
			remoteInfo = "Hackwich 5";
		};
		CBDF93472ACD3D4E00D1E93A /* PBXContainerItemProxy */ = {
			isa = PBXContainerItemProxy;
			containerPortal = CBDF931E2ACD3D4D00D1E93A /* Project object */;
			proxyType = 1;
			remoteGlobalIDString = CBDF93252ACD3D4D00D1E93A;
			remoteInfo = "Hackwich 5";
		};
/* End PBXContainerItemProxy section */

/* Begin PBXFileReference section */
		CB9766792ACD3E6A00C73B51 /* secondViewController.swift */ = {isa = PBXFileReference; lastKnownFileType = sourcecode.swift; path = secondViewController.swift; sourceTree = "<group>"; };
		CBDF93262ACD3D4D00D1E93A /* Hackwich 5.app */ = {isa = PBXFileReference; explicitFileType = wrapper.application; includeInIndex = 0; path = "Hackwich 5.app"; sourceTree = BUILT_PRODUCTS_DIR; };
		CBDF93292ACD3D4D00D1E93A /* AppDelegate.swift */ = {isa = PBXFileReference; lastKnownFileType = sourcecode.swift; path = AppDelegate.swift; sourceTree = "<group>"; };
		CBDF932B2ACD3D4D00D1E93A /* SceneDelegate.swift */ = {isa = PBXFileReference; lastKnownFileType = sourcecode.swift; path = SceneDelegate.swift; sourceTree = "<group>"; };
		CBDF932D2ACD3D4D00D1E93A /* ViewController.swift */ = {isa = PBXFileReference; lastKnownFileType = sourcecode.swift; path = ViewController.swift; sourceTree = "<group>"; };
		CBDF93302ACD3D4D00D1E93A /* Base */ = {isa = PBXFileReference; lastKnownFileType = file.storyboard; name = Base; path = Base.lproj/Main.storyboard; sourceTree = "<group>"; };
		CBDF93322ACD3D4D00D1E93A /* Assets.xcassets */ = {isa = PBXFileReference; lastKnownFileType = folder.assetcatalog; path = Assets.xcassets; sourceTree = "<group>"; };
		CBDF93352ACD3D4D00D1E93A /* Base */ = {isa = PBXFileReference; lastKnownFileType = file.storyboard; name = Base; path = Base.lproj/LaunchScreen.storyboard; sourceTree = "<group>"; };
		CBDF93372ACD3D4D00D1E93A /* Info.plist */ = {isa = PBXFileReference; lastKnownFileType = text.plist.xml; path = Info.plist; sourceTree = "<group>"; };
		CBDF933C2ACD3D4E00D1E93A /* Hackwich 5Tests.xctest */ = {isa = PBXFileReference; explicitFileType = wrapper.cfbundle; includeInIndex = 0; path = "Hackwich 5Tests.xctest"; sourceTree = BUILT_PRODUCTS_DIR; };
		CBDF93402ACD3D4E00D1E93A /* Hackwich_5Tests.swift */ = {isa = PBXFileReference; lastKnownFileType = sourcecode.swift; path = Hackwich_5Tests.swift; sourceTree = "<group>"; };
		CBDF93462ACD3D4E00D1E93A /* Hackwich 5UITests.xctest */ = {isa = PBXFileReference; explicitFileType = wrapper.cfbundle; includeInIndex = 0; path = "Hackwich 5UITests.xctest"; sourceTree = BUILT_PRODUCTS_DIR; };
		CBDF934A2ACD3D4E00D1E93A /* Hackwich_5UITests.swift */ = {isa = PBXFileReference; lastKnownFileType = sourcecode.swift; path = Hackwich_5UITests.swift; sourceTree = "<group>"; };
		CBDF934C2ACD3D4E00D1E93A /* Hackwich_5UITestsLaunchTests.swift */ = {isa = PBXFileReference; lastKnownFileType = sourcecode.swift; path = Hackwich_5UITestsLaunchTests.swift; sourceTree = "<group>"; };
/* End PBXFileReference section */

/* Begin PBXFrameworksBuildPhase section */
		CBDF93232ACD3D4D00D1E93A /* Frameworks */ = {
			isa = PBXFrameworksBuildPhase;
			buildActionMask = 2147483647;
			files = (
			);
			runOnlyForDeploymentPostprocessing = 0;
		};
		CBDF93392ACD3D4E00D1E93A /* Frameworks */ = {
			isa = PBXFrameworksBuildPhase;
			buildActionMask = 2147483647;
			files = (
			);
			runOnlyForDeploymentPostprocessing = 0;
		};
		CBDF93432ACD3D4E00D1E93A /* Frameworks */ = {
			isa = PBXFrameworksBuildPhase;
			buildActionMask = 2147483647;
			files = (
			);
			runOnlyForDeploymentPostprocessing = 0;
		};
/* End PBXFrameworksBuildPhase section */

/* Begin PBXGroup section */
		CBDF931D2ACD3D4D00D1E93A = {
			isa = PBXGroup;
			children = (
				CBDF93282ACD3D4D00D1E93A /* Hackwich 5 */,
				CBDF933F2ACD3D4E00D1E93A /* Hackwich 5Tests */,
				CBDF93492ACD3D4E00D1E93A /* Hackwich 5UITests */,
				CBDF93272ACD3D4D00D1E93A /* Products */,
			);
			sourceTree = "<group>";
		};
		CBDF93272ACD3D4D00D1E93A /* Products */ = {
			isa = PBXGroup;
			children = (
				CBDF93262ACD3D4D00D1E93A /* Hackwich 5.app */,
				CBDF933C2ACD3D4E00D1E93A /* Hackwich 5Tests.xctest */,
				CBDF93462ACD3D4E00D1E93A /* Hackwich 5UITests.xctest */,
			);
			name = Products;
			sourceTree = "<group>";
		};
		CBDF93282ACD3D4D00D1E93A /* Hackwich 5 */ = {
			isa = PBXGroup;
			children = (
				CBDF93292ACD3D4D00D1E93A /* AppDelegate.swift */,
				CBDF932B2ACD3D4D00D1E93A /* SceneDelegate.swift */,
				CBDF932D2ACD3D4D00D1E93A /* ViewController.swift */,
				CBDF932F2ACD3D4D00D1E93A /* Main.storyboard */,
				CB9766792ACD3E6A00C73B51 /* secondViewController.swift */,
				CBDF93322ACD3D4D00D1E93A /* Assets.xcassets */,
				CBDF93342ACD3D4D00D1E93A /* LaunchScreen.storyboard */,
				CBDF93372ACD3D4D00D1E93A /* Info.plist */,
			);
			path = "Hackwich 5";
			sourceTree = "<group>";
		};
		CBDF933F2ACD3D4E00D1E93A /* Hackwich 5Tests */ = {
			isa = PBXGroup;
			children = (
				CBDF93402ACD3D4E00D1E93A /* Hackwich_5Tests.swift */,
			);
			path = "Hackwich 5Tests";
			sourceTree = "<group>";
		};
		CBDF93492ACD3D4E00D1E93A /* Hackwich 5UITests */ = {
			isa = PBXGroup;
			children = (
				CBDF934A2ACD3D4E00D1E93A /* Hackwich_5UITests.swift */,
				CBDF934C2ACD3D4E00D1E93A /* Hackwich_5UITestsLaunchTests.swift */,
			);
			path = "Hackwich 5UITests";
			sourceTree = "<group>";
		};
/* End PBXGroup section */

/* Begin PBXNativeTarget section */
		CBDF93252ACD3D4D00D1E93A /* Hackwich 5 */ = {
			isa = PBXNativeTarget;
			buildConfigurationList = CBDF93502ACD3D4E00D1E93A /* Build configuration list for PBXNativeTarget "Hackwich 5" */;
			buildPhases = (
				CBDF93222ACD3D4D00D1E93A /* Sources */,
				CBDF93232ACD3D4D00D1E93A /* Frameworks */,
				CBDF93242ACD3D4D00D1E93A /* Resources */,
			);
			buildRules = (
			);
			dependencies = (
			);
			name = "Hackwich 5";
			productName = "Hackwich 5";
			productReference = CBDF93262ACD3D4D00D1E93A /* Hackwich 5.app */;
			productType = "com.apple.product-type.application";
		};
		CBDF933B2ACD3D4E00D1E93A /* Hackwich 5Tests */ = {
			isa = PBXNativeTarget;
			buildConfigurationList = CBDF93532ACD3D4E00D1E93A /* Build configuration list for PBXNativeTarget "Hackwich 5Tests" */;
			buildPhases = (
				CBDF93382ACD3D4E00D1E93A /* Sources */,
				CBDF93392ACD3D4E00D1E93A /* Frameworks */,
				CBDF933A2ACD3D4E00D1E93A /* Resources */,
			);
			buildRules = (
			);
			dependencies = (
				CBDF933E2ACD3D4E00D1E93A /* PBXTargetDependency */,
			);
			name = "Hackwich 5Tests";
			productName = "Hackwich 5Tests";
			productReference = CBDF933C2ACD3D4E00D1E93A /* Hackwich 5Tests.xctest */;
			productType = "com.apple.product-type.bundle.unit-test";
		};
		CBDF93452ACD3D4E00D1E93A /* Hackwich 5UITests */ = {
			isa = PBXNativeTarget;
			buildConfigurationList = CBDF93562ACD3D4E00D1E93A /* Build configuration list for PBXNativeTarget "Hackwich 5UITests" */;
			buildPhases = (
				CBDF93422ACD3D4E00D1E93A /* Sources */,
				CBDF93432ACD3D4E00D1E93A /* Frameworks */,
				CBDF93442ACD3D4E00D1E93A /* Resources */,
			);
			buildRules = (
			);
			dependencies = (
				CBDF93482ACD3D4E00D1E93A /* PBXTargetDependency */,
			);
			name = "Hackwich 5UITests";
			productName = "Hackwich 5UITests";
			productReference = CBDF93462ACD3D4E00D1E93A /* Hackwich 5UITests.xctest */;
			productType = "com.apple.product-type.bundle.ui-testing";
		};
/* End PBXNativeTarget section */

/* Begin PBXProject section */
		CBDF931E2ACD3D4D00D1E93A /* Project object */ = {
			isa = PBXProject;
			attributes = {
				BuildIndependentTargetsInParallel = 1;
				LastSwiftUpdateCheck = 1500;
				LastUpgradeCheck = 1500;
				TargetAttributes = {
					CBDF93252ACD3D4D00D1E93A = {
						CreatedOnToolsVersion = 15.0;
					};
					CBDF933B2ACD3D4E00D1E93A = {
						CreatedOnToolsVersion = 15.0;
						TestTargetID = CBDF93252ACD3D4D00D1E93A;
					};
					CBDF93452ACD3D4E00D1E93A = {
						CreatedOnToolsVersion = 15.0;
						TestTargetID = CBDF93252ACD3D4D00D1E93A;
					};
				};
			};
			buildConfigurationList = CBDF93212ACD3D4D00D1E93A /* Build configuration list for PBXProject "Hackwich 5" */;
			compatibilityVersion = "Xcode 14.0";
			developmentRegion = en;
			hasScannedForEncodings = 0;
			knownRegions = (
				en,
				Base,
			);
			mainGroup = CBDF931D2ACD3D4D00D1E93A;
			productRefGroup = CBDF93272ACD3D4D00D1E93A /* Products */;
			projectDirPath = "";
			projectRoot = "";
			targets = (
				CBDF93252ACD3D4D00D1E93A /* Hackwich 5 */,
				CBDF933B2ACD3D4E00D1E93A /* Hackwich 5Tests */,
				CBDF93452ACD3D4E00D1E93A /* Hackwich 5UITests */,
			);
		};
/* End PBXProject section */

/* Begin PBXResourcesBuildPhase section */
		CBDF93242ACD3D4D00D1E93A /* Resources */ = {
			isa = PBXResourcesBuildPhase;
			buildActionMask = 2147483647;
			files = (
				CBDF93362ACD3D4D00D1E93A /* LaunchScreen.storyboard in Resources */,
				CBDF93332ACD3D4D00D1E93A /* Assets.xcassets in Resources */,
				CBDF93312ACD3D4D00D1E93A /* Main.storyboard in Resources */,
			);
			runOnlyForDeploymentPostprocessing = 0;
		};
		CBDF933A2ACD3D4E00D1E93A /* Resources */ = {
			isa = PBXResourcesBuildPhase;
			buildActionMask = 2147483647;
			files = (
			);
			runOnlyForDeploymentPostprocessing = 0;
		};
		CBDF93442ACD3D4E00D1E93A /* Resources */ = {
			isa = PBXResourcesBuildPhase;
			buildActionMask = 2147483647;
			files = (
			);
			runOnlyForDeploymentPostprocessing = 0;
		};
/* End PBXResourcesBuildPhase section */

/* Begin PBXSourcesBuildPhase section */
		CBDF93222ACD3D4D00D1E93A /* Sources */ = {
			isa = PBXSourcesBuildPhase;
			buildActionMask = 2147483647;
			files = (
				CB97667A2ACD3E6A00C73B51 /* secondViewController.swift in Sources */,
				CBDF932E2ACD3D4D00D1E93A /* ViewController.swift in Sources */,
				CBDF932A2ACD3D4D00D1E93A /* AppDelegate.swift in Sources */,
				CBDF932C2ACD3D4D00D1E93A /* SceneDelegate.swift in Sources */,
			);
			runOnlyForDeploymentPostprocessing = 0;
		};
		CBDF93382ACD3D4E00D1E93A /* Sources */ = {
			isa = PBXSourcesBuildPhase;
			buildActionMask = 2147483647;
			files = (
				CBDF93412ACD3D4E00D1E93A /* Hackwich_5Tests.swift in Sources */,
			);
			runOnlyForDeploymentPostprocessing = 0;
		};
		CBDF93422ACD3D4E00D1E93A /* Sources */ = {
			isa = PBXSourcesBuildPhase;
			buildActionMask = 2147483647;
			files = (
				CBDF934D2ACD3D4E00D1E93A /* Hackwich_5UITestsLaunchTests.swift in Sources */,
				CBDF934B2ACD3D4E00D1E93A /* Hackwich_5UITests.swift in Sources */,
			);
			runOnlyForDeploymentPostprocessing = 0;
		};
/* End PBXSourcesBuildPhase section */

/* Begin PBXTargetDependency section */
		CBDF933E2ACD3D4E00D1E93A /* PBXTargetDependency */ = {
			isa = PBXTargetDependency;
			target = CBDF93252ACD3D4D00D1E93A /* Hackwich 5 */;
			targetProxy = CBDF933D2ACD3D4E00D1E93A /* PBXContainerItemProxy */;
		};
		CBDF93482ACD3D4E00D1E93A /* PBXTargetDependency */ = {
			isa = PBXTargetDependency;
			target = CBDF93252ACD3D4D00D1E93A /* Hackwich 5 */;
			targetProxy = CBDF93472ACD3D4E00D1E93A /* PBXContainerItemProxy */;
		};
/* End PBXTargetDependency section */

/* Begin PBXVariantGroup section */
		CBDF932F2ACD3D4D00D1E93A /* Main.storyboard */ = {
			isa = PBXVariantGroup;
			children = (
				CBDF93302ACD3D4D00D1E93A /* Base */,
			);
			name = Main.storyboard;
			sourceTree = "<group>";
		};
		CBDF93342ACD3D4D00D1E93A /* LaunchScreen.storyboard */ = {
			isa = PBXVariantGroup;
			children = (
				CBDF93352ACD3D4D00D1E93A /* Base */,
			);
			name = LaunchScreen.storyboard;
			sourceTree = "<group>";
		};
/* End PBXVariantGroup section */

/* Begin XCBuildConfiguration section */
		CBDF934E2ACD3D4E00D1E93A /* Debug */ = {
			isa = XCBuildConfiguration;
			buildSettings = {
				ALWAYS_SEARCH_USER_PATHS = NO;
				ASSETCATALOG_COMPILER_GENERATE_SWIFT_ASSET_SYMBOL_EXTENSIONS = YES;
				CLANG_ANALYZER_NONNULL = YES;
				CLANG_ANALYZER_NUMBER_OBJECT_CONVERSION = YES_AGGRESSIVE;
				CLANG_CXX_LANGUAGE_STANDARD = "gnu++20";
				CLANG_ENABLE_MODULES = YES;
				CLANG_ENABLE_OBJC_ARC = YES;
				CLANG_ENABLE_OBJC_WEAK = YES;
				CLANG_WARN_BLOCK_CAPTURE_AUTORELEASING = YES;
				CLANG_WARN_BOOL_CONVERSION = YES;
				CLANG_WARN_COMMA = YES;
				CLANG_WARN_CONSTANT_CONVERSION = YES;
				CLANG_WARN_DEPRECATED_OBJC_IMPLEMENTATIONS = YES;
				CLANG_WARN_DIRECT_OBJC_ISA_USAGE = YES_ERROR;
				CLANG_WARN_DOCUMENTATION_COMMENTS = YES;
				CLANG_WARN_EMPTY_BODY = YES;
				CLANG_WARN_ENUM_CONVERSION = YES;
				CLANG_WARN_INFINITE_RECURSION = YES;
				CLANG_WARN_INT_CONVERSION = YES;
				CLANG_WARN_NON_LITERAL_NULL_CONVERSION = YES;
				CLANG_WARN_OBJC_IMPLICIT_RETAIN_SELF = YES;
				CLANG_WARN_OBJC_LITERAL_CONVERSION = YES;
				CLANG_WARN_OBJC_ROOT_CLASS = YES_ERROR;
				CLANG_WARN_QUOTED_INCLUDE_IN_FRAMEWORK_HEADER = YES;
				CLANG_WARN_RANGE_LOOP_ANALYSIS = YES;
				CLANG_WARN_STRICT_PROTOTYPES = YES;
				CLANG_WARN_SUSPICIOUS_MOVE = YES;
				CLANG_WARN_UNGUARDED_AVAILABILITY = YES_AGGRESSIVE;
				CLANG_WARN_UNREACHABLE_CODE = YES;
				CLANG_WARN__DUPLICATE_METHOD_MATCH = YES;
				COPY_PHASE_STRIP = NO;
				DEBUG_INFORMATION_FORMAT = dwarf;
				ENABLE_STRICT_OBJC_MSGSEND = YES;
				ENABLE_TESTABILITY = YES;
				ENABLE_USER_SCRIPT_SANDBOXING = YES;
				GCC_C_LANGUAGE_STANDARD = gnu17;
				GCC_DYNAMIC_NO_PIC = NO;
				GCC_NO_COMMON_BLOCKS = YES;
				GCC_OPTIMIZATION_LEVEL = 0;
				GCC_PREPROCESSOR_DEFINITIONS = (
					"DEBUG=1",
					"$(inherited)",
				);
				GCC_WARN_64_TO_32_BIT_CONVERSION = YES;
				GCC_WARN_ABOUT_RETURN_TYPE = YES_ERROR;
				GCC_WARN_UNDECLARED_SELECTOR = YES;
				GCC_WARN_UNINITIALIZED_AUTOS = YES_AGGRESSIVE;
				GCC_WARN_UNUSED_FUNCTION = YES;
				GCC_WARN_UNUSED_VARIABLE = YES;
				IPHONEOS_DEPLOYMENT_TARGET = 17.0;
				LOCALIZATION_PREFERS_STRING_CATALOGS = YES;
				MTL_ENABLE_DEBUG_INFO = INCLUDE_SOURCE;
				MTL_FAST_MATH = YES;
				ONLY_ACTIVE_ARCH = YES;
				SDKROOT = iphoneos;
				SWIFT_ACTIVE_COMPILATION_CONDITIONS = "DEBUG $(inherited)";
				SWIFT_OPTIMIZATION_LEVEL = "-Onone";
			};
			name = Debug;
		};
		CBDF934F2ACD3D4E00D1E93A /* Release */ = {
			isa = XCBuildConfiguration;
			buildSettings = {
				ALWAYS_SEARCH_USER_PATHS = NO;
				ASSETCATALOG_COMPILER_GENERATE_SWIFT_ASSET_SYMBOL_EXTENSIONS = YES;
				CLANG_ANALYZER_NONNULL = YES;
				CLANG_ANALYZER_NUMBER_OBJECT_CONVERSION = YES_AGGRESSIVE;
				CLANG_CXX_LANGUAGE_STANDARD = "gnu++20";
				CLANG_ENABLE_MODULES = YES;
				CLANG_ENABLE_OBJC_ARC = YES;
				CLANG_ENABLE_OBJC_WEAK = YES;
				CLANG_WARN_BLOCK_CAPTURE_AUTORELEASING = YES;
				CLANG_WARN_BOOL_CONVERSION = YES;
				CLANG_WARN_COMMA = YES;
				CLANG_WARN_CONSTANT_CONVERSION = YES;
				CLANG_WARN_DEPRECATED_OBJC_IMPLEMENTATIONS = YES;
				CLANG_WARN_DIRECT_OBJC_ISA_USAGE = YES_ERROR;
				CLANG_WARN_DOCUMENTATION_COMMENTS = YES;
				CLANG_WARN_EMPTY_BODY = YES;
				CLANG_WARN_ENUM_CONVERSION = YES;
				CLANG_WARN_INFINITE_RECURSION = YES;
				CLANG_WARN_INT_CONVERSION = YES;
				CLANG_WARN_NON_LITERAL_NULL_CONVERSION = YES;
				CLANG_WARN_OBJC_IMPLICIT_RETAIN_SELF = YES;
				CLANG_WARN_OBJC_LITERAL_CONVERSION = YES;
				CLANG_WARN_OBJC_ROOT_CLASS = YES_ERROR;
				CLANG_WARN_QUOTED_INCLUDE_IN_FRAMEWORK_HEADER = YES;
				CLANG_WARN_RANGE_LOOP_ANALYSIS = YES;
				CLANG_WARN_STRICT_PROTOTYPES = YES;
				CLANG_WARN_SUSPICIOUS_MOVE = YES;
				CLANG_WARN_UNGUARDED_AVAILABILITY = YES_AGGRESSIVE;
				CLANG_WARN_UNREACHABLE_CODE = YES;
				CLANG_WARN__DUPLICATE_METHOD_MATCH = YES;
				COPY_PHASE_STRIP = NO;
				DEBUG_INFORMATION_FORMAT = "dwarf-with-dsym";
				ENABLE_NS_ASSERTIONS = NO;
				ENABLE_STRICT_OBJC_MSGSEND = YES;
				ENABLE_USER_SCRIPT_SANDBOXING = YES;
				GCC_C_LANGUAGE_STANDARD = gnu17;
				GCC_NO_COMMON_BLOCKS = YES;
				GCC_WARN_64_TO_32_BIT_CONVERSION = YES;
				GCC_WARN_ABOUT_RETURN_TYPE = YES_ERROR;
				GCC_WARN_UNDECLARED_SELECTOR = YES;
				GCC_WARN_UNINITIALIZED_AUTOS = YES_AGGRESSIVE;
				GCC_WARN_UNUSED_FUNCTION = YES;
				GCC_WARN_UNUSED_VARIABLE = YES;
				IPHONEOS_DEPLOYMENT_TARGET = 17.0;
				LOCALIZATION_PREFERS_STRING_CATALOGS = YES;
				MTL_ENABLE_DEBUG_INFO = NO;
				MTL_FAST_MATH = YES;
				SDKROOT = iphoneos;
				SWIFT_COMPILATION_MODE = wholemodule;
				VALIDATE_PRODUCT = YES;
			};
			name = Release;
		};
		CBDF93512ACD3D4E00D1E93A /* Debug */ = {
			isa = XCBuildConfiguration;
			buildSettings = {
				ASSETCATALOG_COMPILER_APPICON_NAME = AppIcon;
				ASSETCATALOG_COMPILER_GLOBAL_ACCENT_COLOR_NAME = AccentColor;
				CODE_SIGN_STYLE = Automatic;
				CURRENT_PROJECT_VERSION = 1;
				DEVELOPMENT_TEAM = 249P9RJZMV;
				GENERATE_INFOPLIST_FILE = YES;
				INFOPLIST_FILE = "Hackwich 5/Info.plist";
				INFOPLIST_KEY_UIApplicationSupportsIndirectInputEvents = YES;
				INFOPLIST_KEY_UILaunchStoryboardName = LaunchScreen;
				INFOPLIST_KEY_UIMainStoryboardFile = Main;
				INFOPLIST_KEY_UISupportedInterfaceOrientations_iPad = "UIInterfaceOrientationPortrait UIInterfaceOrientationPortraitUpsideDown UIInterfaceOrientationLandscapeLeft UIInterfaceOrientationLandscapeRight";
				INFOPLIST_KEY_UISupportedInterfaceOrientations_iPhone = "UIInterfaceOrientationPortrait UIInterfaceOrientationLandscapeLeft UIInterfaceOrientationLandscapeRight";
				LD_RUNPATH_SEARCH_PATHS = (
					"$(inherited)",
					"@executable_path/Frameworks",
				);
				MARKETING_VERSION = 1.0;
				PRODUCT_BUNDLE_IDENTIFIER = "UHWO.Hackwich-5";
				PRODUCT_NAME = "$(TARGET_NAME)";
				SWIFT_EMIT_LOC_STRINGS = YES;
				SWIFT_VERSION = 5.0;
				TARGETED_DEVICE_FAMILY = "1,2";
			};
			name = Debug;
		};
		CBDF93522ACD3D4E00D1E93A /* Release */ = {
			isa = XCBuildConfiguration;
			buildSettings = {
				ASSETCATALOG_COMPILER_APPICON_NAME = AppIcon;
				ASSETCATALOG_COMPILER_GLOBAL_ACCENT_COLOR_NAME = AccentColor;
				CODE_SIGN_STYLE = Automatic;
				CURRENT_PROJECT_VERSION = 1;
				DEVELOPMENT_TEAM = 249P9RJZMV;
				GENERATE_INFOPLIST_FILE = YES;
				INFOPLIST_FILE = "Hackwich 5/Info.plist";
				INFOPLIST_KEY_UIApplicationSupportsIndirectInputEvents = YES;
				INFOPLIST_KEY_UILaunchStoryboardName = LaunchScreen;
				INFOPLIST_KEY_UIMainStoryboardFile = Main;
				INFOPLIST_KEY_UISupportedInterfaceOrientations_iPad = "UIInterfaceOrientationPortrait UIInterfaceOrientationPortraitUpsideDown UIInterfaceOrientationLandscapeLeft UIInterfaceOrientationLandscapeRight";
				INFOPLIST_KEY_UISupportedInterfaceOrientations_iPhone = "UIInterfaceOrientationPortrait UIInterfaceOrientationLandscapeLeft UIInterfaceOrientationLandscapeRight";
				LD_RUNPATH_SEARCH_PATHS = (
					"$(inherited)",
					"@executable_path/Frameworks",
				);
				MARKETING_VERSION = 1.0;
				PRODUCT_BUNDLE_IDENTIFIER = "UHWO.Hackwich-5";
				PRODUCT_NAME = "$(TARGET_NAME)";
				SWIFT_EMIT_LOC_STRINGS = YES;
				SWIFT_VERSION = 5.0;
				TARGETED_DEVICE_FAMILY = "1,2";
			};
			name = Release;
		};
		CBDF93542ACD3D4E00D1E93A /* Debug */ = {
			isa = XCBuildConfiguration;
			buildSettings = {
				ALWAYS_EMBED_SWIFT_STANDARD_LIBRARIES = YES;
				BUNDLE_LOADER = "$(TEST_HOST)";
				CODE_SIGN_STYLE = Automatic;
				CURRENT_PROJECT_VERSION = 1;
				DEVELOPMENT_TEAM = 249P9RJZMV;
				GENERATE_INFOPLIST_FILE = YES;
				IPHONEOS_DEPLOYMENT_TARGET = 17.0;
				MARKETING_VERSION = 1.0;
				PRODUCT_BUNDLE_IDENTIFIER = "UHWO.Hackwich-5Tests";
				PRODUCT_NAME = "$(TARGET_NAME)";
				SWIFT_EMIT_LOC_STRINGS = NO;
				SWIFT_VERSION = 5.0;
				TARGETED_DEVICE_FAMILY = "1,2";
				TEST_HOST = "$(BUILT_PRODUCTS_DIR)/Hackwich 5.app/$(BUNDLE_EXECUTABLE_FOLDER_PATH)/Hackwich 5";
			};
			name = Debug;
		};
		CBDF93552ACD3D4E00D1E93A /* Release */ = {
			isa = XCBuildConfiguration;
			buildSettings = {
				ALWAYS_EMBED_SWIFT_STANDARD_LIBRARIES = YES;
				BUNDLE_LOADER = "$(TEST_HOST)";
				CODE_SIGN_STYLE = Automatic;
				CURRENT_PROJECT_VERSION = 1;
				DEVELOPMENT_TEAM = 249P9RJZMV;
				GENERATE_INFOPLIST_FILE = YES;
				IPHONEOS_DEPLOYMENT_TARGET = 17.0;
				MARKETING_VERSION = 1.0;
				PRODUCT_BUNDLE_IDENTIFIER = "UHWO.Hackwich-5Tests";
				PRODUCT_NAME = "$(TARGET_NAME)";
				SWIFT_EMIT_LOC_STRINGS = NO;
				SWIFT_VERSION = 5.0;
				TARGETED_DEVICE_FAMILY = "1,2";
				TEST_HOST = "$(BUILT_PRODUCTS_DIR)/Hackwich 5.app/$(BUNDLE_EXECUTABLE_FOLDER_PATH)/Hackwich 5";
			};
			name = Release;
		};
		CBDF93572ACD3D4E00D1E93A /* Debug */ = {
			isa = XCBuildConfiguration;
			buildSettings = {
				ALWAYS_EMBED_SWIFT_STANDARD_LIBRARIES = YES;
				CODE_SIGN_STYLE = Automatic;
				CURRENT_PROJECT_VERSION = 1;
				DEVELOPMENT_TEAM = 249P9RJZMV;
				GENERATE_INFOPLIST_FILE = YES;
				MARKETING_VERSION = 1.0;
				PRODUCT_BUNDLE_IDENTIFIER = "UHWO.Hackwich-5UITests";
				PRODUCT_NAME = "$(TARGET_NAME)";
				SWIFT_EMIT_LOC_STRINGS = NO;
				SWIFT_VERSION = 5.0;
				TARGETED_DEVICE_FAMILY = "1,2";
				TEST_TARGET_NAME = "Hackwich 5";
			};
			name = Debug;
		};
		CBDF93582ACD3D4E00D1E93A /* Release */ = {
			isa = XCBuildConfiguration;
			buildSettings = {
				ALWAYS_EMBED_SWIFT_STANDARD_LIBRARIES = YES;
				CODE_SIGN_STYLE = Automatic;
				CURRENT_PROJECT_VERSION = 1;
				DEVELOPMENT_TEAM = 249P9RJZMV;
				GENERATE_INFOPLIST_FILE = YES;
				MARKETING_VERSION = 1.0;
				PRODUCT_BUNDLE_IDENTIFIER = "UHWO.Hackwich-5UITests";
				PRODUCT_NAME = "$(TARGET_NAME)";
				SWIFT_EMIT_LOC_STRINGS = NO;
				SWIFT_VERSION = 5.0;
				TARGETED_DEVICE_FAMILY = "1,2";
				TEST_TARGET_NAME = "Hackwich 5";
			};
			name = Release;
		};
/* End XCBuildConfiguration section */

/* Begin XCConfigurationList section */
		CBDF93212ACD3D4D00D1E93A /* Build configuration list for PBXProject "Hackwich 5" */ = {
			isa = XCConfigurationList;
			buildConfigurations = (
				CBDF934E2ACD3D4E00D1E93A /* Debug */,
				CBDF934F2ACD3D4E00D1E93A /* Release */,
			);
			defaultConfigurationIsVisible = 0;
			defaultConfigurationName = Release;
		};
		CBDF93502ACD3D4E00D1E93A /* Build configuration list for PBXNativeTarget "Hackwich 5" */ = {
			isa = XCConfigurationList;
			buildConfigurations = (
				CBDF93512ACD3D4E00D1E93A /* Debug */,
				CBDF93522ACD3D4E00D1E93A /* Release */,
			);
			defaultConfigurationIsVisible = 0;
			defaultConfigurationName = Release;
		};
		CBDF93532ACD3D4E00D1E93A /* Build configuration list for PBXNativeTarget "Hackwich 5Tests" */ = {
			isa = XCConfigurationList;
			buildConfigurations = (
				CBDF93542ACD3D4E00D1E93A /* Debug */,
				CBDF93552ACD3D4E00D1E93A /* Release */,
			);
			defaultConfigurationIsVisible = 0;
			defaultConfigurationName = Release;
		};
		CBDF93562ACD3D4E00D1E93A /* Build configuration list for PBXNativeTarget "Hackwich 5UITests" */ = {
			isa = XCConfigurationList;
			buildConfigurations = (
				CBDF93572ACD3D4E00D1E93A /* Debug */,
				CBDF93582ACD3D4E00D1E93A /* Release */,
			);
			defaultConfigurationIsVisible = 0;
			defaultConfigurationName = Release;
		};
/* End XCConfigurationList section */
	};
	rootObject = CBDF931E2ACD3D4D00D1E93A /* Project object */;
}
